
Microsoft Visual Studio Solution File, Format Version 12.00
# Visual Studio Version 17
VisualStudioVersion = 17.8.34511.84
MinimumVisualStudioVersion = 10.0.40219.1
Project("{FAE04EC0-301F-11D3-BF4B-00C04F79EFBC}") = "BlazorApp1", "BlazorApp1.csproj", "{26826178-ABD6-4033-B429-41398845CCC1}"
EndProject
Global
	GlobalSection(SolutionConfigurationPlatforms) = preSolution
		Debug|Any CPU = Debug|Any CPU
		Release|Any CPU = Release|Any CPU
	EndGlobalSection
	GlobalSection(ProjectConfigurationPlatforms) = postSolution
		{26826178-ABD6-4033-B429-41398845CCC1}.Debug|Any CPU.ActiveCfg = Debug|Any CPU
		{26826178-ABD6-4033-B429-41398845CCC1}.Debug|Any CPU.Build.0 = Debug|Any CPU
		{26826178-ABD6-4033-B429-41398845CCC1}.Release|Any CPU.ActiveCfg = Release|Any CPU
		{26826178-ABD6-4033-B429-41398845CCC1}.Release|Any CPU.Build.0 = Release|Any CPU
	EndGlobalSection
	GlobalSection(SolutionProperties) = preSolution
		HideSolutionNode = FALSE
	EndGlobalSection
	GlobalSection(ExtensibilityGlobals) = postSolution
		SolutionGuid = {F5E956C5-55FF-4195-B6D8-91E6A539D500}
	EndGlobalSection
EndGlobal
